
Microsoft Visual Studio Solution File, Format Version 12.00
# Visual Studio Version 17
VisualStudioVersion = 17.13.35931.197 d17.13
MinimumVisualStudioVersion = 10.0.40219.1
Project("{FAE04EC0-301F-11D3-BF4B-00C04F79EFBC}") = "Products.API", "Products.API\Products.API.csproj", "{C81827A7-31E3-486E-92C0-552CD6FF443F}"
EndProject
Project("{FAE04EC0-301F-11D3-BF4B-00C04F79EFBC}") = "Products.Application", "Products.Application\Products.Application.csproj", "{B264ABDE-2C39-42B2-888C-60F818343FAA}"
EndProject
Project("{FAE04EC0-301F-11D3-BF4B-00C04F79EFBC}") = "Products.Domain", "Products.Domain\Products.Domain.csproj", "{8BE12D34-879A-4204-BACC-9A1211B6A432}"
EndProject
Project("{FAE04EC0-301F-11D3-BF4B-00C04F79EFBC}") = "Products.Infrastructure", "Products.Infrastructure\Products.Infrastructure.csproj", "{371495D0-6672-4EF2-896D-7244AD663255}"
EndProject
Project("{FAE04EC0-301F-11D3-BF4B-00C04F79EFBC}") = "Products.Tests", "Products.Tests\Products.Tests.csproj", "{21138442-48C2-48C1-AD33-68BC3BFEFB0C}"
EndProject
Global
	GlobalSection(SolutionConfigurationPlatforms) = preSolution
		Debug|Any CPU = Debug|Any CPU
		Release|Any CPU = Release|Any CPU
	EndGlobalSection
	GlobalSection(ProjectConfigurationPlatforms) = postSolution
		{C81827A7-31E3-486E-92C0-552CD6FF443F}.Debug|Any CPU.ActiveCfg = Debug|Any CPU
		{C81827A7-31E3-486E-92C0-552CD6FF443F}.Debug|Any CPU.Build.0 = Debug|Any CPU
		{C81827A7-31E3-486E-92C0-552CD6FF443F}.Release|Any CPU.ActiveCfg = Release|Any CPU
		{C81827A7-31E3-486E-92C0-552CD6FF443F}.Release|Any CPU.Build.0 = Release|Any CPU
		{B264ABDE-2C39-42B2-888C-60F818343FAA}.Debug|Any CPU.ActiveCfg = Debug|Any CPU
		{B264ABDE-2C39-42B2-888C-60F818343FAA}.Debug|Any CPU.Build.0 = Debug|Any CPU
		{B264ABDE-2C39-42B2-888C-60F818343FAA}.Release|Any CPU.ActiveCfg = Release|Any CPU
		{B264ABDE-2C39-42B2-888C-60F818343FAA}.Release|Any CPU.Build.0 = Release|Any CPU
		{8BE12D34-879A-4204-BACC-9A1211B6A432}.Debug|Any CPU.ActiveCfg = Debug|Any CPU
		{8BE12D34-879A-4204-BACC-9A1211B6A432}.Debug|Any CPU.Build.0 = Debug|Any CPU
		{8BE12D34-879A-4204-BACC-9A1211B6A432}.Release|Any CPU.ActiveCfg = Release|Any CPU
		{8BE12D34-879A-4204-BACC-9A1211B6A432}.Release|Any CPU.Build.0 = Release|Any CPU
		{371495D0-6672-4EF2-896D-7244AD663255}.Debug|Any CPU.ActiveCfg = Debug|Any CPU
		{371495D0-6672-4EF2-896D-7244AD663255}.Debug|Any CPU.Build.0 = Debug|Any CPU
		{371495D0-6672-4EF2-896D-7244AD663255}.Release|Any CPU.ActiveCfg = Release|Any CPU
		{371495D0-6672-4EF2-896D-7244AD663255}.Release|Any CPU.Build.0 = Release|Any CPU
		{21138442-48C2-48C1-AD33-68BC3BFEFB0C}.Debug|Any CPU.ActiveCfg = Debug|Any CPU
		{21138442-48C2-48C1-AD33-68BC3BFEFB0C}.Debug|Any CPU.Build.0 = Debug|Any CPU
		{21138442-48C2-48C1-AD33-68BC3BFEFB0C}.Release|Any CPU.ActiveCfg = Release|Any CPU
		{21138442-48C2-48C1-AD33-68BC3BFEFB0C}.Release|Any CPU.Build.0 = Release|Any CPU
	EndGlobalSection
	GlobalSection(SolutionProperties) = preSolution
		HideSolutionNode = FALSE
	EndGlobalSection
	GlobalSection(ExtensibilityGlobals) = postSolution
		SolutionGuid = {0F27E98E-A3A2-47E1-B260-DE86A419561E}
	EndGlobalSection
EndGlobal
